// !$*UTF8*$!
{
	archiveVersion = 1;
	classes = {
	};
	objectVersion = 46;
	objects = {

/* Begin PBXBuildFile section */
		0E06414C1D236F2E00B31109 /* DeepNetworkImageExtension.swift in Sources */ = {isa = PBXBuildFile; fileRef = 0E06414B1D236F2E00B31109 /* DeepNetworkImageExtension.swift */; };
		0E333C581C6FEDC300D40FEB /* AppDelegate.swift in Sources */ = {isa = PBXBuildFile; fileRef = 0E333C571C6FEDC300D40FEB /* AppDelegate.swift */; };
		0E333C5A1C6FEDC300D40FEB /* NetworkViewController.swift in Sources */ = {isa = PBXBuildFile; fileRef = 0E333C591C6FEDC300D40FEB /* NetworkViewController.swift */; };
		0E333C5C1C6FEDC300D40FEB /* Assets.xcassets in Resources */ = {isa = PBXBuildFile; fileRef = 0E333C5B1C6FEDC300D40FEB /* Assets.xcassets */; };
		0E333C5F1C6FEDC300D40FEB /* Main.storyboard in Resources */ = {isa = PBXBuildFile; fileRef = 0E333C5D1C6FEDC300D40FEB /* Main.storyboard */; };
		0E333C6A1C6FEDC300D40FEB /* ConvolutionTests.swift in Sources */ = {isa = PBXBuildFile; fileRef = 0E333C691C6FEDC300D40FEB /* ConvolutionTests.swift */; };
		0E333C751C6FEDC300D40FEB /* ConvolutionUITests.swift in Sources */ = {isa = PBXBuildFile; fileRef = 0E333C741C6FEDC300D40FEB /* ConvolutionUITests.swift */; };
		0E48AD8A1D90F08F00AA5C50 /* LabeledImageGeneratorViewController.swift in Sources */ = {isa = PBXBuildFile; fileRef = 0E48AD891D90F08F00AA5C50 /* LabeledImageGeneratorViewController.swift */; };
		0E4CE8241D1F75BE00C05284 /* ChannelViewController.swift in Sources */ = {isa = PBXBuildFile; fileRef = 0E4CE8231D1F75BE00C05284 /* ChannelViewController.swift */; };
		0E8CDA311D1F9A5800826E8C /* InputViewController.swift in Sources */ = {isa = PBXBuildFile; fileRef = 0E8CDA301D1F9A5800826E8C /* InputViewController.swift */; };
		0E9F9BE91C8D34E10037071D /* LabeledImage.swift in Sources */ = {isa = PBXBuildFile; fileRef = 0E9F9BE81C8D34E10037071D /* LabeledImage.swift */; };
		0EA301041DB2C13F009CB319 /* AIToolbox.framework in Frameworks */ = {isa = PBXBuildFile; fileRef = 0EA301031DB2C13F009CB319 /* AIToolbox.framework */; };
		0EED6CAB1C724163008DC9DE /* ImageData.swift in Sources */ = {isa = PBXBuildFile; fileRef = 0EED6CAA1C724163008DC9DE /* ImageData.swift */; };
		0EED6CAD1C73F31C008DC9DE /* ConvolutionViewController.swift in Sources */ = {isa = PBXBuildFile; fileRef = 0EED6CAC1C73F31C008DC9DE /* ConvolutionViewController.swift */; };
		0EED6CB11C7A1CB9008DC9DE /* PoolingViewController.swift in Sources */ = {isa = PBXBuildFile; fileRef = 0EED6CB01C7A1CB9008DC9DE /* PoolingViewController.swift */; };
		0EED6CB51C7AB895008DC9DE /* DeepNeuralNetworkController.swift in Sources */ = {isa = PBXBuildFile; fileRef = 0EED6CB41C7AB895008DC9DE /* DeepNeuralNetworkController.swift */; };
/* End PBXBuildFile section */

/* Begin PBXContainerItemProxy section */
		0E333C661C6FEDC300D40FEB /* PBXContainerItemProxy */ = {
			isa = PBXContainerItemProxy;
			containerPortal = 0E333C4C1C6FEDC300D40FEB /* Project object */;
			proxyType = 1;
			remoteGlobalIDString = 0E333C531C6FEDC300D40FEB;
			remoteInfo = Convolution;
		};
		0E333C711C6FEDC300D40FEB /* PBXContainerItemProxy */ = {
			isa = PBXContainerItemProxy;
			containerPortal = 0E333C4C1C6FEDC300D40FEB /* Project object */;
			proxyType = 1;
			remoteGlobalIDString = 0E333C531C6FEDC300D40FEB;
			remoteInfo = Convolution;
		};
/* End PBXContainerItemProxy section */

/* Begin PBXFileReference section */
		0E06414B1D236F2E00B31109 /* DeepNetworkImageExtension.swift */ = {isa = PBXFileReference; fileEncoding = 4; lastKnownFileType = sourcecode.swift; path = DeepNetworkImageExtension.swift; sourceTree = "<group>"; };
		0E333C541C6FEDC300D40FEB /* Convolution.app */ = {isa = PBXFileReference; explicitFileType = wrapper.application; includeInIndex = 0; path = Convolution.app; sourceTree = BUILT_PRODUCTS_DIR; };
		0E333C571C6FEDC300D40FEB /* AppDelegate.swift */ = {isa = PBXFileReference; lastKnownFileType = sourcecode.swift; path = AppDelegate.swift; sourceTree = "<group>"; };
		0E333C591C6FEDC300D40FEB /* NetworkViewController.swift */ = {isa = PBXFileReference; lastKnownFileType = sourcecode.swift; path = NetworkViewController.swift; sourceTree = "<group>"; };
		0E333C5B1C6FEDC300D40FEB /* Assets.xcassets */ = {isa = PBXFileReference; lastKnownFileType = folder.assetcatalog; path = Assets.xcassets; sourceTree = "<group>"; };
		0E333C5E1C6FEDC300D40FEB /* Base */ = {isa = PBXFileReference; lastKnownFileType = file.storyboard; name = Base; path = Base.lproj/Main.storyboard; sourceTree = "<group>"; };
		0E333C601C6FEDC300D40FEB /* Info.plist */ = {isa = PBXFileReference; lastKnownFileType = text.plist.xml; path = Info.plist; sourceTree = "<group>"; };
		0E333C651C6FEDC300D40FEB /* ConvolutionTests.xctest */ = {isa = PBXFileReference; explicitFileType = wrapper.cfbundle; includeInIndex = 0; path = ConvolutionTests.xctest; sourceTree = BUILT_PRODUCTS_DIR; };
		0E333C691C6FEDC300D40FEB /* ConvolutionTests.swift */ = {isa = PBXFileReference; lastKnownFileType = sourcecode.swift; path = ConvolutionTests.swift; sourceTree = "<group>"; };
		0E333C6B1C6FEDC300D40FEB /* Info.plist */ = {isa = PBXFileReference; lastKnownFileType = text.plist.xml; path = Info.plist; sourceTree = "<group>"; };
		0E333C701C6FEDC300D40FEB /* ConvolutionUITests.xctest */ = {isa = PBXFileReference; explicitFileType = wrapper.cfbundle; includeInIndex = 0; path = ConvolutionUITests.xctest; sourceTree = BUILT_PRODUCTS_DIR; };
		0E333C741C6FEDC300D40FEB /* ConvolutionUITests.swift */ = {isa = PBXFileReference; lastKnownFileType = sourcecode.swift; path = ConvolutionUITests.swift; sourceTree = "<group>"; };
		0E333C761C6FEDC300D40FEB /* Info.plist */ = {isa = PBXFileReference; lastKnownFileType = text.plist.xml; path = Info.plist; sourceTree = "<group>"; };
		0E48AD891D90F08F00AA5C50 /* LabeledImageGeneratorViewController.swift */ = {isa = PBXFileReference; fileEncoding = 4; lastKnownFileType = sourcecode.swift; path = LabeledImageGeneratorViewController.swift; sourceTree = "<group>"; };
		0E4CE8231D1F75BE00C05284 /* ChannelViewController.swift */ = {isa = PBXFileReference; fileEncoding = 4; lastKnownFileType = sourcecode.swift; path = ChannelViewController.swift; sourceTree = "<group>"; };
		0E8CDA301D1F9A5800826E8C /* InputViewController.swift */ = {isa = PBXFileReference; fileEncoding = 4; lastKnownFileType = sourcecode.swift; path = InputViewController.swift; sourceTree = "<group>"; };
		0E9F9BE81C8D34E10037071D /* LabeledImage.swift */ = {isa = PBXFileReference; fileEncoding = 4; lastKnownFileType = sourcecode.swift; path = LabeledImage.swift; sourceTree = "<group>"; };
		0EA301011DB2BBD1009CB319 /* AIToolbox.framework */ = {isa = PBXFileReference; lastKnownFileType = wrapper.framework; name = AIToolbox.framework; path = ../Frameworks/AIToolbox.framework; sourceTree = "<group>"; };
		0EA301031DB2C13F009CB319 /* AIToolbox.framework */ = {isa = PBXFileReference; lastKnownFileType = wrapper.framework; name = AIToolbox.framework; path = ../../../../Library/Frameworks/AIToolbox.framework; sourceTree = "<group>"; };
		0EED6CAA1C724163008DC9DE /* ImageData.swift */ = {isa = PBXFileReference; fileEncoding = 4; lastKnownFileType = sourcecode.swift; path = ImageData.swift; sourceTree = "<group>"; };
		0EED6CAC1C73F31C008DC9DE /* ConvolutionViewController.swift */ = {isa = PBXFileReference; fileEncoding = 4; lastKnownFileType = sourcecode.swift; path = ConvolutionViewController.swift; sourceTree = "<group>"; };
		0EED6CB01C7A1CB9008DC9DE /* PoolingViewController.swift */ = {isa = PBXFileReference; fileEncoding = 4; lastKnownFileType = sourcecode.swift; path = PoolingViewController.swift; sourceTree = "<group>"; };
		0EED6CB41C7AB895008DC9DE /* DeepNeuralNetworkController.swift */ = {isa = PBXFileReference; fileEncoding = 4; lastKnownFileType = sourcecode.swift; path = DeepNeuralNetworkController.swift; sourceTree = "<group>"; };
/* End PBXFileReference section */

/* Begin PBXFrameworksBuildPhase section */
		0E333C511C6FEDC300D40FEB /* Frameworks */ = {
			isa = PBXFrameworksBuildPhase;
			buildActionMask = 2147483647;
			files = (
				0EA301041DB2C13F009CB319 /* AIToolbox.framework in Frameworks */,
			);
			runOnlyForDeploymentPostprocessing = 0;
		};
		0E333C621C6FEDC300D40FEB /* Frameworks */ = {
			isa = PBXFrameworksBuildPhase;
			buildActionMask = 2147483647;
			files = (
			);
			runOnlyForDeploymentPostprocessing = 0;
		};
		0E333C6D1C6FEDC300D40FEB /* Frameworks */ = {
			isa = PBXFrameworksBuildPhase;
			buildActionMask = 2147483647;
			files = (
			);
			runOnlyForDeploymentPostprocessing = 0;
		};
/* End PBXFrameworksBuildPhase section */

/* Begin PBXGroup section */
		0E333C4B1C6FEDC300D40FEB = {
			isa = PBXGroup;
			children = (
				0E333C561C6FEDC300D40FEB /* Convolution */,
				0E333C681C6FEDC300D40FEB /* ConvolutionTests */,
				0E333C731C6FEDC300D40FEB /* ConvolutionUITests */,
				0E333C551C6FEDC300D40FEB /* Products */,
				0EA301001DB2BBD0009CB319 /* Frameworks */,
			);
			sourceTree = "<group>";
		};
		0E333C551C6FEDC300D40FEB /* Products */ = {
			isa = PBXGroup;
			children = (
				0E333C541C6FEDC300D40FEB /* Convolution.app */,
				0E333C651C6FEDC300D40FEB /* ConvolutionTests.xctest */,
				0E333C701C6FEDC300D40FEB /* ConvolutionUITests.xctest */,
			);
			name = Products;
			sourceTree = "<group>";
		};
		0E333C561C6FEDC300D40FEB /* Convolution */ = {
			isa = PBXGroup;
			children = (
				0E333C571C6FEDC300D40FEB /* AppDelegate.swift */,
				0E333C591C6FEDC300D40FEB /* NetworkViewController.swift */,
				0E8CDA301D1F9A5800826E8C /* InputViewController.swift */,
				0E4CE8231D1F75BE00C05284 /* ChannelViewController.swift */,
				0EED6CAC1C73F31C008DC9DE /* ConvolutionViewController.swift */,
				0EED6CB01C7A1CB9008DC9DE /* PoolingViewController.swift */,
				0EED6CB41C7AB895008DC9DE /* DeepNeuralNetworkController.swift */,
				0E48AD891D90F08F00AA5C50 /* LabeledImageGeneratorViewController.swift */,
				0E333C5B1C6FEDC300D40FEB /* Assets.xcassets */,
				0E333C5D1C6FEDC300D40FEB /* Main.storyboard */,
				0E333C601C6FEDC300D40FEB /* Info.plist */,
				0EED6CAA1C724163008DC9DE /* ImageData.swift */,
				0E9F9BE81C8D34E10037071D /* LabeledImage.swift */,
				0E06414B1D236F2E00B31109 /* DeepNetworkImageExtension.swift */,
			);
			path = Convolution;
			sourceTree = "<group>";
		};
		0E333C681C6FEDC300D40FEB /* ConvolutionTests */ = {
			isa = PBXGroup;
			children = (
				0E333C691C6FEDC300D40FEB /* ConvolutionTests.swift */,
				0E333C6B1C6FEDC300D40FEB /* Info.plist */,
			);
			path = ConvolutionTests;
			sourceTree = "<group>";
		};
		0E333C731C6FEDC300D40FEB /* ConvolutionUITests */ = {
			isa = PBXGroup;
			children = (
				0E333C741C6FEDC300D40FEB /* ConvolutionUITests.swift */,
				0E333C761C6FEDC300D40FEB /* Info.plist */,
			);
			path = ConvolutionUITests;
			sourceTree = "<group>";
		};
		0EA301001DB2BBD0009CB319 /* Frameworks */ = {
			isa = PBXGroup;
			children = (
				0EA301031DB2C13F009CB319 /* AIToolbox.framework */,
				0EA301011DB2BBD1009CB319 /* AIToolbox.framework */,
			);
			name = Frameworks;
			sourceTree = "<group>";
		};
/* End PBXGroup section */

/* Begin PBXNativeTarget section */
		0E333C531C6FEDC300D40FEB /* Convolution */ = {
			isa = PBXNativeTarget;
			buildConfigurationList = 0E333C791C6FEDC300D40FEB /* Build configuration list for PBXNativeTarget "Convolution" */;
			buildPhases = (
				0E333C501C6FEDC300D40FEB /* Sources */,
				0E333C511C6FEDC300D40FEB /* Frameworks */,
				0E333C521C6FEDC300D40FEB /* Resources */,
			);
			buildRules = (
			);
			dependencies = (
			);
			name = Convolution;
			productName = Convolution;
			productReference = 0E333C541C6FEDC300D40FEB /* Convolution.app */;
			productType = "com.apple.product-type.application";
		};
		0E333C641C6FEDC300D40FEB /* ConvolutionTests */ = {
			isa = PBXNativeTarget;
			buildConfigurationList = 0E333C7C1C6FEDC300D40FEB /* Build configuration list for PBXNativeTarget "ConvolutionTests" */;
			buildPhases = (
				0E333C611C6FEDC300D40FEB /* Sources */,
				0E333C621C6FEDC300D40FEB /* Frameworks */,
				0E333C631C6FEDC300D40FEB /* Resources */,
			);
			buildRules = (
			);
			dependencies = (
				0E333C671C6FEDC300D40FEB /* PBXTargetDependency */,
			);
			name = ConvolutionTests;
			productName = ConvolutionTests;
			productReference = 0E333C651C6FEDC300D40FEB /* ConvolutionTests.xctest */;
			productType = "com.apple.product-type.bundle.unit-test";
		};
		0E333C6F1C6FEDC300D40FEB /* ConvolutionUITests */ = {
			isa = PBXNativeTarget;
			buildConfigurationList = 0E333C7F1C6FEDC300D40FEB /* Build configuration list for PBXNativeTarget "ConvolutionUITests" */;
			buildPhases = (
				0E333C6C1C6FEDC300D40FEB /* Sources */,
				0E333C6D1C6FEDC300D40FEB /* Frameworks */,
				0E333C6E1C6FEDC300D40FEB /* Resources */,
			);
			buildRules = (
			);
			dependencies = (
				0E333C721C6FEDC300D40FEB /* PBXTargetDependency */,
			);
			name = ConvolutionUITests;
			productName = ConvolutionUITests;
			productReference = 0E333C701C6FEDC300D40FEB /* ConvolutionUITests.xctest */;
			productType = "com.apple.product-type.bundle.ui-testing";
		};
/* End PBXNativeTarget section */

/* Begin PBXProject section */
		0E333C4C1C6FEDC300D40FEB /* Project object */ = {
			isa = PBXProject;
			attributes = {
				LastSwiftUpdateCheck = 0720;
				LastUpgradeCheck = 0800;
				ORGANIZATIONNAME = "Kevin Coble";
				TargetAttributes = {
					0E333C531C6FEDC300D40FEB = {
						CreatedOnToolsVersion = 7.2.1;
						LastSwiftMigration = 0800;
					};
					0E333C641C6FEDC300D40FEB = {
						CreatedOnToolsVersion = 7.2.1;
						LastSwiftMigration = 0800;
						TestTargetID = 0E333C531C6FEDC300D40FEB;
					};
					0E333C6F1C6FEDC300D40FEB = {
						CreatedOnToolsVersion = 7.2.1;
						LastSwiftMigration = 0800;
						TestTargetID = 0E333C531C6FEDC300D40FEB;
					};
				};
			};
			buildConfigurationList = 0E333C4F1C6FEDC300D40FEB /* Build configuration list for PBXProject "Convolution" */;
			compatibilityVersion = "Xcode 3.2";
			developmentRegion = English;
			hasScannedForEncodings = 0;
			knownRegions = (
				en,
				Base,
			);
			mainGroup = 0E333C4B1C6FEDC300D40FEB;
			productRefGroup = 0E333C551C6FEDC300D40FEB /* Products */;
			projectDirPath = "";
			projectRoot = "";
			targets = (
				0E333C531C6FEDC300D40FEB /* Convolution */,
				0E333C641C6FEDC300D40FEB /* ConvolutionTests */,
				0E333C6F1C6FEDC300D40FEB /* ConvolutionUITests */,
			);
		};
/* End PBXProject section */

/* Begin PBXResourcesBuildPhase section */
		0E333C521C6FEDC300D40FEB /* Resources */ = {
			isa = PBXResourcesBuildPhase;
			buildActionMask = 2147483647;
			files = (
				0E333C5C1C6FEDC300D40FEB /* Assets.xcassets in Resources */,
				0E333C5F1C6FEDC300D40FEB /* Main.storyboard in Resources */,
			);
			runOnlyForDeploymentPostprocessing = 0;
		};
		0E333C631C6FEDC300D40FEB /* Resources */ = {
			isa = PBXResourcesBuildPhase;
			buildActionMask = 2147483647;
			files = (
			);
			runOnlyForDeploymentPostprocessing = 0;
		};
		0E333C6E1C6FEDC300D40FEB /* Resources */ = {
			isa = PBXResourcesBuildPhase;
			buildActionMask = 2147483647;
			files = (
			);
			runOnlyForDeploymentPostprocessing = 0;
		};
/* End PBXResourcesBuildPhase section */

/* Begin PBXSourcesBuildPhase section */
		0E333C501C6FEDC300D40FEB /* Sources */ = {
			isa = PBXSourcesBuildPhase;
			buildActionMask = 2147483647;
			files = (
				0E333C5A1C6FEDC300D40FEB /* NetworkViewController.swift in Sources */,
				0E9F9BE91C8D34E10037071D /* LabeledImage.swift in Sources */,
				0E8CDA311D1F9A5800826E8C /* InputViewController.swift in Sources */,
				0E06414C1D236F2E00B31109 /* DeepNetworkImageExtension.swift in Sources */,
				0E48AD8A1D90F08F00AA5C50 /* LabeledImageGeneratorViewController.swift in Sources */,
				0E4CE8241D1F75BE00C05284 /* ChannelViewController.swift in Sources */,
				0EED6CB11C7A1CB9008DC9DE /* PoolingViewController.swift in Sources */,
				0EED6CB51C7AB895008DC9DE /* DeepNeuralNetworkController.swift in Sources */,
				0E333C581C6FEDC300D40FEB /* AppDelegate.swift in Sources */,
				0EED6CAD1C73F31C008DC9DE /* ConvolutionViewController.swift in Sources */,
				0EED6CAB1C724163008DC9DE /* ImageData.swift in Sources */,
			);
			runOnlyForDeploymentPostprocessing = 0;
		};
		0E333C611C6FEDC300D40FEB /* Sources */ = {
			isa = PBXSourcesBuildPhase;
			buildActionMask = 2147483647;
			files = (
				0E333C6A1C6FEDC300D40FEB /* ConvolutionTests.swift in Sources */,
			);
			runOnlyForDeploymentPostprocessing = 0;
		};
		0E333C6C1C6FEDC300D40FEB /* Sources */ = {
			isa = PBXSourcesBuildPhase;
			buildActionMask = 2147483647;
			files = (
				0E333C751C6FEDC300D40FEB /* ConvolutionUITests.swift in Sources */,
			);
			runOnlyForDeploymentPostprocessing = 0;
		};
/* End PBXSourcesBuildPhase section */

/* Begin PBXTargetDependency section */
		0E333C671C6FEDC300D40FEB /* PBXTargetDependency */ = {
			isa = PBXTargetDependency;
			target = 0E333C531C6FEDC300D40FEB /* Convolution */;
			targetProxy = 0E333C661C6FEDC300D40FEB /* PBXContainerItemProxy */;
		};
		0E333C721C6FEDC300D40FEB /* PBXTargetDependency */ = {
			isa = PBXTargetDependency;
			target = 0E333C531C6FEDC300D40FEB /* Convolution */;
			targetProxy = 0E333C711C6FEDC300D40FEB /* PBXContainerItemProxy */;
		};
/* End PBXTargetDependency section */

/* Begin PBXVariantGroup section */
		0E333C5D1C6FEDC300D40FEB /* Main.storyboard */ = {
			isa = PBXVariantGroup;
			children = (
				0E333C5E1C6FEDC300D40FEB /* Base */,
			);
			name = Main.storyboard;
			sourceTree = "<group>";
		};
/* End PBXVariantGroup section */

/* Begin XCBuildConfiguration section */
		0E333C771C6FEDC300D40FEB /* Debug */ = {
			isa = XCBuildConfiguration;
			buildSettings = {
				ALWAYS_SEARCH_USER_PATHS = NO;
				CLANG_CXX_LANGUAGE_STANDARD = "gnu++0x";
				CLANG_CXX_LIBRARY = "libc++";
				CLANG_ENABLE_MODULES = YES;
				CLANG_ENABLE_OBJC_ARC = YES;
				CLANG_WARN_BOOL_CONVERSION = YES;
				CLANG_WARN_CONSTANT_CONVERSION = YES;
				CLANG_WARN_DIRECT_OBJC_ISA_USAGE = YES_ERROR;
				CLANG_WARN_EMPTY_BODY = YES;
				CLANG_WARN_ENUM_CONVERSION = YES;
				CLANG_WARN_INFINITE_RECURSION = YES;
				CLANG_WARN_INT_CONVERSION = YES;
				CLANG_WARN_OBJC_ROOT_CLASS = YES_ERROR;
				CLANG_WARN_SUSPICIOUS_MOVE = YES;
				CLANG_WARN_UNREACHABLE_CODE = YES;
				CLANG_WARN__DUPLICATE_METHOD_MATCH = YES;
				CODE_SIGN_IDENTITY = "-";
				COPY_PHASE_STRIP = NO;
				DEBUG_INFORMATION_FORMAT = dwarf;
				ENABLE_STRICT_OBJC_MSGSEND = YES;
				ENABLE_TESTABILITY = YES;
				GCC_C_LANGUAGE_STANDARD = gnu99;
				GCC_DYNAMIC_NO_PIC = NO;
				GCC_NO_COMMON_BLOCKS = YES;
				GCC_OPTIMIZATION_LEVEL = 0;
				GCC_PREPROCESSOR_DEFINITIONS = (
					"DEBUG=1",
					"$(inherited)",
				);
				GCC_WARN_64_TO_32_BIT_CONVERSION = YES;
				GCC_WARN_ABOUT_RETURN_TYPE = YES_ERROR;
				GCC_WARN_UNDECLARED_SELECTOR = YES;
				GCC_WARN_UNINITIALIZED_AUTOS = YES_AGGRESSIVE;
				GCC_WARN_UNUSED_FUNCTION = YES;
				GCC_WARN_UNUSED_VARIABLE = YES;
				MACOSX_DEPLOYMENT_TARGET = 10.11;
				MTL_ENABLE_DEBUG_INFO = YES;
				ONLY_ACTIVE_ARCH = YES;
				SDKROOT = macosx;
				SWIFT_OPTIMIZATION_LEVEL = "-Onone";
			};
			name = Debug;
		};
		0E333C781C6FEDC300D40FEB /* Release */ = {
			isa = XCBuildConfiguration;
			buildSettings = {
				ALWAYS_SEARCH_USER_PATHS = NO;
				CLANG_CXX_LANGUAGE_STANDARD = "gnu++0x";
				CLANG_CXX_LIBRARY = "libc++";
				CLANG_ENABLE_MODULES = YES;
				CLANG_ENABLE_OBJC_ARC = YES;
				CLANG_WARN_BOOL_CONVERSION = YES;
				CLANG_WARN_CONSTANT_CONVERSION = YES;
				CLANG_WARN_DIRECT_OBJC_ISA_USAGE = YES_ERROR;
				CLANG_WARN_EMPTY_BODY = YES;
				CLANG_WARN_ENUM_CONVERSION = YES;
				CLANG_WARN_INFINITE_RECURSION = YES;
				CLANG_WARN_INT_CONVERSION = YES;
				CLANG_WARN_OBJC_ROOT_CLASS = YES_ERROR;
				CLANG_WARN_SUSPICIOUS_MOVE = YES;
				CLANG_WARN_UNREACHABLE_CODE = YES;
				CLANG_WARN__DUPLICATE_METHOD_MATCH = YES;
				CODE_SIGN_IDENTITY = "-";
				COPY_PHASE_STRIP = NO;
				DEBUG_INFORMATION_FORMAT = "dwarf-with-dsym";
				ENABLE_NS_ASSERTIONS = NO;
				ENABLE_STRICT_OBJC_MSGSEND = YES;
				GCC_C_LANGUAGE_STANDARD = gnu99;
				GCC_NO_COMMON_BLOCKS = YES;
				GCC_WARN_64_TO_32_BIT_CONVERSION = YES;
				GCC_WARN_ABOUT_RETURN_TYPE = YES_ERROR;
				GCC_WARN_UNDECLARED_SELECTOR = YES;
				GCC_WARN_UNINITIALIZED_AUTOS = YES_AGGRESSIVE;
				GCC_WARN_UNUSED_FUNCTION = YES;
				GCC_WARN_UNUSED_VARIABLE = YES;
				MACOSX_DEPLOYMENT_TARGET = 10.11;
				MTL_ENABLE_DEBUG_INFO = NO;
				SDKROOT = macosx;
				SWIFT_OPTIMIZATION_LEVEL = "-Owholemodule";
			};
			name = Release;
		};
		0E333C7A1C6FEDC300D40FEB /* Debug */ = {
			isa = XCBuildConfiguration;
			buildSettings = {
				ASSETCATALOG_COMPILER_APPICON_NAME = AppIcon;
				COMBINE_HIDPI_IMAGES = YES;
				FRAMEWORK_SEARCH_PATHS = (
					"$(inherited)",
					"$(LOCAL_LIBRARY_DIR)/Frameworks",
				);
				INFOPLIST_FILE = Convolution/Info.plist;
				LD_RUNPATH_SEARCH_PATHS = "$(inherited) @executable_path/../Frameworks";
				PRODUCT_BUNDLE_IDENTIFIER = com.MacRobotics.Convolution;
				PRODUCT_NAME = "$(TARGET_NAME)";
				SWIFT_VERSION = 3.0;
			};
			name = Debug;
		};
		0E333C7B1C6FEDC300D40FEB /* Release */ = {
			isa = XCBuildConfiguration;
			buildSettings = {
				ASSETCATALOG_COMPILER_APPICON_NAME = AppIcon;
				COMBINE_HIDPI_IMAGES = YES;
				FRAMEWORK_SEARCH_PATHS = (
					"$(inherited)",
					"$(LOCAL_LIBRARY_DIR)/Frameworks",
				);
				INFOPLIST_FILE = Convolution/Info.plist;
				LD_RUNPATH_SEARCH_PATHS = "$(inherited) @executable_path/../Frameworks";
				PRODUCT_BUNDLE_IDENTIFIER = com.MacRobotics.Convolution;
				PRODUCT_NAME = "$(TARGET_NAME)";
				SWIFT_VERSION = 3.0;
			};
			name = Release;
		};
		0E333C7D1C6FEDC300D40FEB /* Debug */ = {
			isa = XCBuildConfiguration;
			buildSettings = {
				BUNDLE_LOADER = "$(TEST_HOST)";
				COMBINE_HIDPI_IMAGES = YES;
				INFOPLIST_FILE = ConvolutionTests/Info.plist;
				LD_RUNPATH_SEARCH_PATHS = "$(inherited) @executable_path/../Frameworks @loader_path/../Frameworks";
				PRODUCT_BUNDLE_IDENTIFIER = com.MacRobotics.ConvolutionTests;
				PRODUCT_NAME = "$(TARGET_NAME)";
				SWIFT_VERSION = 3.0;
				TEST_HOST = "$(BUILT_PRODUCTS_DIR)/Convolution.app/Contents/MacOS/Convolution";
			};
			name = Debug;
		};
		0E333C7E1C6FEDC300D40FEB /* Release */ = {
			isa = XCBuildConfiguration;
			buildSettings = {
				BUNDLE_LOADER = "$(TEST_HOST)";
				COMBINE_HIDPI_IMAGES = YES;
				INFOPLIST_FILE = ConvolutionTests/Info.plist;
				LD_RUNPATH_SEARCH_PATHS = "$(inherited) @executable_path/../Frameworks @loader_path/../Frameworks";
				PRODUCT_BUNDLE_IDENTIFIER = com.MacRobotics.ConvolutionTests;
				PRODUCT_NAME = "$(TARGET_NAME)";
				SWIFT_VERSION = 3.0;
				TEST_HOST = "$(BUILT_PRODUCTS_DIR)/Convolution.app/Contents/MacOS/Convolution";
			};
			name = Release;
		};
		0E333C801C6FEDC300D40FEB /* Debug */ = {
			isa = XCBuildConfiguration;
			buildSettings = {
				CODE_SIGN_IDENTITY = "";
				COMBINE_HIDPI_IMAGES = YES;
				INFOPLIST_FILE = ConvolutionUITests/Info.plist;
				LD_RUNPATH_SEARCH_PATHS = "$(inherited) @executable_path/../Frameworks @loader_path/../Frameworks";
				PRODUCT_BUNDLE_IDENTIFIER = com.MacRobotics.ConvolutionUITests;
				PRODUCT_NAME = "$(TARGET_NAME)";
				SWIFT_VERSION = 3.0;
				TEST_TARGET_NAME = Convolution;
				USES_XCTRUNNER = YES;
			};
			name = Debug;
		};
		0E333C811C6FEDC300D40FEB /* Release */ = {
			isa = XCBuildConfiguration;
			buildSettings = {
				CODE_SIGN_IDENTITY = "";
				COMBINE_HIDPI_IMAGES = YES;
				INFOPLIST_FILE = ConvolutionUITests/Info.plist;
				LD_RUNPATH_SEARCH_PATHS = "$(inherited) @executable_path/../Frameworks @loader_path/../Frameworks";
				PRODUCT_BUNDLE_IDENTIFIER = com.MacRobotics.ConvolutionUITests;
				PRODUCT_NAME = "$(TARGET_NAME)";
				SWIFT_VERSION = 3.0;
				TEST_TARGET_NAME = Convolution;
				USES_XCTRUNNER = YES;
			};
			name = Release;
		};
/* End XCBuildConfiguration section */

/* Begin XCConfigurationList section */
		0E333C4F1C6FEDC300D40FEB /* Build configuration list for PBXProject "Convolution" */ = {
			isa = XCConfigurationList;
			buildConfigurations = (
				0E333C771C6FEDC300D40FEB /* Debug */,
				0E333C781C6FEDC300D40FEB /* Release */,
			);
			defaultConfigurationIsVisible = 0;
			defaultConfigurationName = Release;
		};
		0E333C791C6FEDC300D40FEB /* Build configuration list for PBXNativeTarget "Convolution" */ = {
			isa = XCConfigurationList;
			buildConfigurations = (
				0E333C7A1C6FEDC300D40FEB /* Debug */,
				0E333C7B1C6FEDC300D40FEB /* Release */,
			);
			defaultConfigurationIsVisible = 0;
			defaultConfigurationName = Release;
		};
		0E333C7C1C6FEDC300D40FEB /* Build configuration list for PBXNativeTarget "ConvolutionTests" */ = {
			isa = XCConfigurationList;
			buildConfigurations = (
				0E333C7D1C6FEDC300D40FEB /* Debug */,
				0E333C7E1C6FEDC300D40FEB /* Release */,
			);
			defaultConfigurationIsVisible = 0;
			defaultConfigurationName = Release;
		};
		0E333C7F1C6FEDC300D40FEB /* Build configuration list for PBXNativeTarget "ConvolutionUITests" */ = {
			isa = XCConfigurationList;
			buildConfigurations = (
				0E333C801C6FEDC300D40FEB /* Debug */,
				0E333C811C6FEDC300D40FEB /* Release */,
			);
			defaultConfigurationIsVisible = 0;
			defaultConfigurationName = Release;
		};
/* End XCConfigurationList section */
	};
	rootObject = 0E333C4C1C6FEDC300D40FEB /* Project object */;
}
